
Microsoft Visual Studio Solution File, Format Version 12.00
# Visual Studio Version 17
VisualStudioVersion = 17.9.34728.123
MinimumVisualStudioVersion = 10.0.40219.1
Project("{FAE04EC0-301F-11D3-BF4B-00C04F79EFBC}") = "QrCodeGenerator", "QrCodeGenerator\QrCodeGenerator.csproj", "{B9D09E5B-FBA9-4495-9DAD-EAFF1F973E40}"
EndProject
Global
	GlobalSection(SolutionConfigurationPlatforms) = preSolution
		Debug|Any CPU = Debug|Any CPU
		Release|Any CPU = Release|Any CPU
	EndGlobalSection
	GlobalSection(ProjectConfigurationPlatforms) = postSolution
		{B9D09E5B-FBA9-4495-9DAD-EAFF1F973E40}.Debug|Any CPU.ActiveCfg = Debug|Any CPU
		{B9D09E5B-FBA9-4495-9DAD-EAFF1F973E40}.Debug|Any CPU.Build.0 = Debug|Any CPU
		{B9D09E5B-FBA9-4495-9DAD-EAFF1F973E40}.Release|Any CPU.ActiveCfg = Release|Any CPU
		{B9D09E5B-FBA9-4495-9DAD-EAFF1F973E40}.Release|Any CPU.Build.0 = Release|Any CPU
	EndGlobalSection
	GlobalSection(SolutionProperties) = preSolution
		HideSolutionNode = FALSE
	EndGlobalSection
	GlobalSection(ExtensibilityGlobals) = postSolution
		SolutionGuid = {0E717F07-45A7-473E-9734-1812961E40FC}
	EndGlobalSection
EndGlobal
